{
  "name": "CL-Scripting-NodeJS",
  "version": "1.0.0",
  "lockfileVersion": 1,
  "requires": true,
  "dependencies": {
    "caf": {
      "version": "9.0.0",
      "resolved": "https://registry.npmjs.org/caf/-/caf-9.0.0.tgz",
      "integrity": "sha512-A0z48mwmBMkEaxhJoGBL3eoVwuFEY/PnzgKJNpAfnOrysuVyR8yFRZ43GuzG39u3uA/6L6uTqvxBFrprUyQhUw=="
    },
    "esm": {
      "version": "3.2.25",
      "resolved": "https://registry.npmjs.org/esm/-/esm-3.2.25.tgz",
      "integrity": "sha512-U1suiZ2oDVWv4zPO56S0NcR5QriEahGtdN2OR6FiOG4WJvcjBVFB0qI4+eKoWFH483PKGuLuu6V8Z4T5g63UVA=="
    }
  }
}
